
Microsoft Visual Studio Solution File, Format Version 12.00
# Visual Studio Version 17
VisualStudioVersion = 17.6.33712.159
MinimumVisualStudioVersion = 10.0.40219.1
Project("{FAE04EC0-301F-11D3-BF4B-00C04F79EFBC}") = "Sem03_03", "Sem03_03\Sem03_03.csproj", "{B2F9AC9B-5124-4349-B6D4-1569773CE3AE}"
EndProject
Global
	GlobalSection(SolutionConfigurationPlatforms) = preSolution
		Debug|Any CPU = Debug|Any CPU
		Release|Any CPU = Release|Any CPU
	EndGlobalSection
	GlobalSection(ProjectConfigurationPlatforms) = postSolution
		{B2F9AC9B-5124-4349-B6D4-1569773CE3AE}.Debug|Any CPU.ActiveCfg = Debug|Any CPU
		{B2F9AC9B-5124-4349-B6D4-1569773CE3AE}.Debug|Any CPU.Build.0 = Debug|Any CPU
		{B2F9AC9B-5124-4349-B6D4-1569773CE3AE}.Release|Any CPU.ActiveCfg = Release|Any CPU
		{B2F9AC9B-5124-4349-B6D4-1569773CE3AE}.Release|Any CPU.Build.0 = Release|Any CPU
	EndGlobalSection
	GlobalSection(SolutionProperties) = preSolution
		HideSolutionNode = FALSE
	EndGlobalSection
	GlobalSection(ExtensibilityGlobals) = postSolution
		SolutionGuid = {29986D9A-0DDE-43B5-99B0-45FBABC5A0CC}
	EndGlobalSection
EndGlobal
